{
  "object": {
    "pins": [
      {
        "package": "DDKit",
        "repositoryURL": "https://github.com/kyouko-taiga/DDKit.git",
        "state": {
          "branch": "dev",
          "revision": "cdb02867538392b09979ca9fd3e2e0a8eba9385b",
          "version": null
        }
      },
      {
        "package": "Kanna",
        "repositoryURL": "https://github.com/tid-kijyun/Kanna.git",
        "state": {
          "branch": null,
          "revision": "0534d5d4917410870fcac8907e06f69b58a23417",
          "version": "4.0.3"
        }
      }
    ]
  },
  "version": 1
}
